
Microsoft Visual Studio Solution File, Format Version 12.00
# Visual Studio Version 17
VisualStudioVersion = 17.13.35806.99 d17.13
MinimumVisualStudioVersion = 10.0.40219.1
Project("{FAE04EC0-301F-11D3-BF4B-00C04F79EFBC}") = "WindowsFormsApp1", "WindowsFormsApp1.csproj", "{2B9429F7-3008-4711-AAE7-95F164541033}"
EndProject
Global
	GlobalSection(SolutionConfigurationPlatforms) = preSolution
		Debug|Any CPU = Debug|Any CPU
		Release|Any CPU = Release|Any CPU
	EndGlobalSection
	GlobalSection(ProjectConfigurationPlatforms) = postSolution
		{2B9429F7-3008-4711-AAE7-95F164541033}.Debug|Any CPU.ActiveCfg = Debug|Any CPU
		{2B9429F7-3008-4711-AAE7-95F164541033}.Debug|Any CPU.Build.0 = Debug|Any CPU
		{2B9429F7-3008-4711-AAE7-95F164541033}.Release|Any CPU.ActiveCfg = Release|Any CPU
		{2B9429F7-3008-4711-AAE7-95F164541033}.Release|Any CPU.Build.0 = Release|Any CPU
	EndGlobalSection
	GlobalSection(SolutionProperties) = preSolution
		HideSolutionNode = FALSE
	EndGlobalSection
	GlobalSection(ExtensibilityGlobals) = postSolution
		SolutionGuid = {0BC8B16C-695A-4F54-839E-F3235F33BB6F}
	EndGlobalSection
EndGlobal
